
Microsoft Visual Studio Solution File, Format Version 12.00
# Visual Studio Version 17
VisualStudioVersion = 17.13.35931.197 d17.13
MinimumVisualStudioVersion = 10.0.40219.1
Project("{888888A0-9F3D-457C-B088-3A5042F75D52}") = "CS356IP2", "CS356IP2\CS356IP2.pyproj", "{8C305CD6-4AAE-4BC3-BB6C-D0BAA7E84D08}"
EndProject
Global
	GlobalSection(SolutionConfigurationPlatforms) = preSolution
		Debug|Any CPU = Debug|Any CPU
		Release|Any CPU = Release|Any CPU
	EndGlobalSection
	GlobalSection(ProjectConfigurationPlatforms) = postSolution
		{8C305CD6-4AAE-4BC3-BB6C-D0BAA7E84D08}.Debug|Any CPU.ActiveCfg = Debug|Any CPU
		{8C305CD6-4AAE-4BC3-BB6C-D0BAA7E84D08}.Release|Any CPU.ActiveCfg = Release|Any CPU
	EndGlobalSection
	GlobalSection(SolutionProperties) = preSolution
		HideSolutionNode = FALSE
	EndGlobalSection
	GlobalSection(ExtensibilityGlobals) = postSolution
		SolutionGuid = {CC76BDA6-6E68-45BB-9A55-1DAA89B4D35D}
	EndGlobalSection
EndGlobal
